// !$*UTF8*$!
{
	archiveVersion = 1;
	classes = {
	};
	objectVersion = 46;
	objects = {

/* Begin PBXBuildFile section */
		C8F9BF0F1BD9C95B00B8706C /* main.m in Sources */ = {isa = PBXBuildFile; fileRef = C8F9BF0E1BD9C95B00B8706C /* main.m */; };
		C8F9BF121BD9C95B00B8706C /* AppDelegate.m in Sources */ = {isa = PBXBuildFile; fileRef = C8F9BF111BD9C95B00B8706C /* AppDelegate.m */; };
		C8F9BF151BD9C95B00B8706C /* ViewController.m in Sources */ = {isa = PBXBuildFile; fileRef = C8F9BF141BD9C95B00B8706C /* ViewController.m */; };
		C8F9BF181BD9C95B00B8706C /* Main.storyboard in Resources */ = {isa = PBXBuildFile; fileRef = C8F9BF161BD9C95B00B8706C /* Main.storyboard */; };
		C8F9BF1A1BD9C95B00B8706C /* Assets.xcassets in Resources */ = {isa = PBXBuildFile; fileRef = C8F9BF191BD9C95B00B8706C /* Assets.xcassets */; };
		C8F9BF1D1BD9C95B00B8706C /* LaunchScreen.storyboard in Resources */ = {isa = PBXBuildFile; fileRef = C8F9BF1B1BD9C95B00B8706C /* LaunchScreen.storyboard */; };
		C8F9BF281BD9C95B00B8706C /* ___Tests.m in Sources */ = {isa = PBXBuildFile; fileRef = C8F9BF271BD9C95B00B8706C /* ___Tests.m */; };
		C8F9BF331BD9C95B00B8706C /* ___UITests.m in Sources */ = {isa = PBXBuildFile; fileRef = C8F9BF321BD9C95B00B8706C /* ___UITests.m */; };
/* End PBXBuildFile section */

/* Begin PBXContainerItemProxy section */
		C8F9BF241BD9C95B00B8706C /* PBXContainerItemProxy */ = {
			isa = PBXContainerItemProxy;
			containerPortal = C8F9BF021BD9C95B00B8706C /* Project object */;
			proxyType = 1;
			remoteGlobalIDString = C8F9BF091BD9C95B00B8706C;
			remoteInfo = "加速计";
		};
		C8F9BF2F1BD9C95B00B8706C /* PBXContainerItemProxy */ = {
			isa = PBXContainerItemProxy;
			containerPortal = C8F9BF021BD9C95B00B8706C /* Project object */;
			proxyType = 1;
			remoteGlobalIDString = C8F9BF091BD9C95B00B8706C;
			remoteInfo = "加速计";
		};
/* End PBXContainerItemProxy section */

/* Begin PBXFileReference section */
		C8F9BF0A1BD9C95B00B8706C /* 加速计.app */ = {isa = PBXFileReference; explicitFileType = wrapper.application; includeInIndex = 0; path = "加速计.app"; sourceTree = BUILT_PRODUCTS_DIR; };
		C8F9BF0E1BD9C95B00B8706C /* main.m */ = {isa = PBXFileReference; lastKnownFileType = sourcecode.c.objc; path = main.m; sourceTree = "<group>"; };
		C8F9BF101BD9C95B00B8706C /* AppDelegate.h */ = {isa = PBXFileReference; lastKnownFileType = sourcecode.c.h; path = AppDelegate.h; sourceTree = "<group>"; };
		C8F9BF111BD9C95B00B8706C /* AppDelegate.m */ = {isa = PBXFileReference; lastKnownFileType = sourcecode.c.objc; path = AppDelegate.m; sourceTree = "<group>"; };
		C8F9BF131BD9C95B00B8706C /* ViewController.h */ = {isa = PBXFileReference; lastKnownFileType = sourcecode.c.h; path = ViewController.h; sourceTree = "<group>"; };
		C8F9BF141BD9C95B00B8706C /* ViewController.m */ = {isa = PBXFileReference; lastKnownFileType = sourcecode.c.objc; path = ViewController.m; sourceTree = "<group>"; };
		C8F9BF171BD9C95B00B8706C /* Base */ = {isa = PBXFileReference; lastKnownFileType = file.storyboard; name = Base; path = Base.lproj/Main.storyboard; sourceTree = "<group>"; };
		C8F9BF191BD9C95B00B8706C /* Assets.xcassets */ = {isa = PBXFileReference; lastKnownFileType = folder.assetcatalog; path = Assets.xcassets; sourceTree = "<group>"; };
		C8F9BF1C1BD9C95B00B8706C /* Base */ = {isa = PBXFileReference; lastKnownFileType = file.storyboard; name = Base; path = Base.lproj/LaunchScreen.storyboard; sourceTree = "<group>"; };
		C8F9BF1E1BD9C95B00B8706C /* Info.plist */ = {isa = PBXFileReference; lastKnownFileType = text.plist.xml; path = Info.plist; sourceTree = "<group>"; };
		C8F9BF231BD9C95B00B8706C /* 加速计Tests.xctest */ = {isa = PBXFileReference; explicitFileType = wrapper.cfbundle; includeInIndex = 0; path = "加速计Tests.xctest"; sourceTree = BUILT_PRODUCTS_DIR; };
		C8F9BF271BD9C95B00B8706C /* ___Tests.m */ = {isa = PBXFileReference; lastKnownFileType = sourcecode.c.objc; path = "___Tests.m"; sourceTree = "<group>"; };
		C8F9BF291BD9C95B00B8706C /* Info.plist */ = {isa = PBXFileReference; lastKnownFileType = text.plist.xml; path = Info.plist; sourceTree = "<group>"; };
		C8F9BF2E1BD9C95B00B8706C /* 加速计UITests.xctest */ = {isa = PBXFileReference; explicitFileType = wrapper.cfbundle; includeInIndex = 0; path = "加速计UITests.xctest"; sourceTree = BUILT_PRODUCTS_DIR; };
		C8F9BF321BD9C95B00B8706C /* ___UITests.m */ = {isa = PBXFileReference; lastKnownFileType = sourcecode.c.objc; path = "___UITests.m"; sourceTree = "<group>"; };
		C8F9BF341BD9C95B00B8706C /* Info.plist */ = {isa = PBXFileReference; lastKnownFileType = text.plist.xml; path = Info.plist; sourceTree = "<group>"; };
/* End PBXFileReference section */

/* Begin PBXFrameworksBuildPhase section */
		C8F9BF071BD9C95B00B8706C /* Frameworks */ = {
			isa = PBXFrameworksBuildPhase;
			buildActionMask = 2147483647;
			files = (
			);
			runOnlyForDeploymentPostprocessing = 0;
		};
		C8F9BF201BD9C95B00B8706C /* Frameworks */ = {
			isa = PBXFrameworksBuildPhase;
			buildActionMask = 2147483647;
			files = (
			);
			runOnlyForDeploymentPostprocessing = 0;
		};
		C8F9BF2B1BD9C95B00B8706C /* Frameworks */ = {
			isa = PBXFrameworksBuildPhase;
			buildActionMask = 2147483647;
			files = (
			);
			runOnlyForDeploymentPostprocessing = 0;
		};
/* End PBXFrameworksBuildPhase section */

/* Begin PBXGroup section */
		C8F9BF011BD9C95B00B8706C = {
			isa = PBXGroup;
			children = (
				C8F9BF0C1BD9C95B00B8706C /* 加速计 */,
				C8F9BF261BD9C95B00B8706C /* 加速计Tests */,
				C8F9BF311BD9C95B00B8706C /* 加速计UITests */,
				C8F9BF0B1BD9C95B00B8706C /* Products */,
			);
			sourceTree = "<group>";
		};
		C8F9BF0B1BD9C95B00B8706C /* Products */ = {
			isa = PBXGroup;
			children = (
				C8F9BF0A1BD9C95B00B8706C /* 加速计.app */,
				C8F9BF231BD9C95B00B8706C /* 加速计Tests.xctest */,
				C8F9BF2E1BD9C95B00B8706C /* 加速计UITests.xctest */,
			);
			name = Products;
			sourceTree = "<group>";
		};
		C8F9BF0C1BD9C95B00B8706C /* 加速计 */ = {
			isa = PBXGroup;
			children = (
				C8F9BF101BD9C95B00B8706C /* AppDelegate.h */,
				C8F9BF111BD9C95B00B8706C /* AppDelegate.m */,
				C8F9BF131BD9C95B00B8706C /* ViewController.h */,
				C8F9BF141BD9C95B00B8706C /* ViewController.m */,
				C8F9BF161BD9C95B00B8706C /* Main.storyboard */,
				C8F9BF191BD9C95B00B8706C /* Assets.xcassets */,
				C8F9BF1B1BD9C95B00B8706C /* LaunchScreen.storyboard */,
				C8F9BF1E1BD9C95B00B8706C /* Info.plist */,
				C8F9BF0D1BD9C95B00B8706C /* Supporting Files */,
			);
			path = "加速计";
			sourceTree = "<group>";
		};
		C8F9BF0D1BD9C95B00B8706C /* Supporting Files */ = {
			isa = PBXGroup;
			children = (
				C8F9BF0E1BD9C95B00B8706C /* main.m */,
			);
			name = "Supporting Files";
			sourceTree = "<group>";
		};
		C8F9BF261BD9C95B00B8706C /* 加速计Tests */ = {
			isa = PBXGroup;
			children = (
				C8F9BF271BD9C95B00B8706C /* ___Tests.m */,
				C8F9BF291BD9C95B00B8706C /* Info.plist */,
			);
			path = "加速计Tests";
			sourceTree = "<group>";
		};
		C8F9BF311BD9C95B00B8706C /* 加速计UITests */ = {
			isa = PBXGroup;
			children = (
				C8F9BF321BD9C95B00B8706C /* ___UITests.m */,
				C8F9BF341BD9C95B00B8706C /* Info.plist */,
			);
			path = "加速计UITests";
			sourceTree = "<group>";
		};
/* End PBXGroup section */

/* Begin PBXNativeTarget section */
		C8F9BF091BD9C95B00B8706C /* 加速计 */ = {
			isa = PBXNativeTarget;
			buildConfigurationList = C8F9BF371BD9C95B00B8706C /* Build configuration list for PBXNativeTarget "加速计" */;
			buildPhases = (
				C8F9BF061BD9C95B00B8706C /* Sources */,
				C8F9BF071BD9C95B00B8706C /* Frameworks */,
				C8F9BF081BD9C95B00B8706C /* Resources */,
			);
			buildRules = (
			);
			dependencies = (
			);
			name = "加速计";
			productName = "加速计";
			productReference = C8F9BF0A1BD9C95B00B8706C /* 加速计.app */;
			productType = "com.apple.product-type.application";
		};
		C8F9BF221BD9C95B00B8706C /* 加速计Tests */ = {
			isa = PBXNativeTarget;
			buildConfigurationList = C8F9BF3A1BD9C95B00B8706C /* Build configuration list for PBXNativeTarget "加速计Tests" */;
			buildPhases = (
				C8F9BF1F1BD9C95B00B8706C /* Sources */,
				C8F9BF201BD9C95B00B8706C /* Frameworks */,
				C8F9BF211BD9C95B00B8706C /* Resources */,
			);
			buildRules = (
			);
			dependencies = (
				C8F9BF251BD9C95B00B8706C /* PBXTargetDependency */,
			);
			name = "加速计Tests";
			productName = "加速计Tests";
			productReference = C8F9BF231BD9C95B00B8706C /* 加速计Tests.xctest */;
			productType = "com.apple.product-type.bundle.unit-test";
		};
		C8F9BF2D1BD9C95B00B8706C /* 加速计UITests */ = {
			isa = PBXNativeTarget;
			buildConfigurationList = C8F9BF3D1BD9C95B00B8706C /* Build configuration list for PBXNativeTarget "加速计UITests" */;
			buildPhases = (
				C8F9BF2A1BD9C95B00B8706C /* Sources */,
				C8F9BF2B1BD9C95B00B8706C /* Frameworks */,
				C8F9BF2C1BD9C95B00B8706C /* Resources */,
			);
			buildRules = (
			);
			dependencies = (
				C8F9BF301BD9C95B00B8706C /* PBXTargetDependency */,
			);
			name = "加速计UITests";
			productName = "加速计UITests";
			productReference = C8F9BF2E1BD9C95B00B8706C /* 加速计UITests.xctest */;
			productType = "com.apple.product-type.bundle.ui-testing";
		};
/* End PBXNativeTarget section */

/* Begin PBXProject section */
		C8F9BF021BD9C95B00B8706C /* Project object */ = {
			isa = PBXProject;
			attributes = {
				LastUpgradeCheck = 0700;
				ORGANIZATIONNAME = x;
				TargetAttributes = {
					C8F9BF091BD9C95B00B8706C = {
						CreatedOnToolsVersion = 7.0.1;
						DevelopmentTeam = 569Q5C25QK;
					};
					C8F9BF221BD9C95B00B8706C = {
						CreatedOnToolsVersion = 7.0.1;
						DevelopmentTeam = 569Q5C25QK;
						TestTargetID = C8F9BF091BD9C95B00B8706C;
					};
					C8F9BF2D1BD9C95B00B8706C = {
						CreatedOnToolsVersion = 7.0.1;
						DevelopmentTeam = 569Q5C25QK;
						TestTargetID = C8F9BF091BD9C95B00B8706C;
					};
				};
			};
			buildConfigurationList = C8F9BF051BD9C95B00B8706C /* Build configuration list for PBXProject "加速计" */;
			compatibilityVersion = "Xcode 3.2";
			developmentRegion = English;
			hasScannedForEncodings = 0;
			knownRegions = (
				en,
				Base,
			);
			mainGroup = C8F9BF011BD9C95B00B8706C;
			productRefGroup = C8F9BF0B1BD9C95B00B8706C /* Products */;
			projectDirPath = "";
			projectRoot = "";
			targets = (
				C8F9BF091BD9C95B00B8706C /* 加速计 */,
				C8F9BF221BD9C95B00B8706C /* 加速计Tests */,
				C8F9BF2D1BD9C95B00B8706C /* 加速计UITests */,
			);
		};
/* End PBXProject section */

/* Begin PBXResourcesBuildPhase section */
		C8F9BF081BD9C95B00B8706C /* Resources */ = {
			isa = PBXResourcesBuildPhase;
			buildActionMask = 2147483647;
			files = (
				C8F9BF1D1BD9C95B00B8706C /* LaunchScreen.storyboard in Resources */,
				C8F9BF1A1BD9C95B00B8706C /* Assets.xcassets in Resources */,
				C8F9BF181BD9C95B00B8706C /* Main.storyboard in Resources */,
			);
			runOnlyForDeploymentPostprocessing = 0;
		};
		C8F9BF211BD9C95B00B8706C /* Resources */ = {
			isa = PBXResourcesBuildPhase;
			buildActionMask = 2147483647;
			files = (
			);
			runOnlyForDeploymentPostprocessing = 0;
		};
		C8F9BF2C1BD9C95B00B8706C /* Resources */ = {
			isa = PBXResourcesBuildPhase;
			buildActionMask = 2147483647;
			files = (
			);
			runOnlyForDeploymentPostprocessing = 0;
		};
/* End PBXResourcesBuildPhase section */

/* Begin PBXSourcesBuildPhase section */
		C8F9BF061BD9C95B00B8706C /* Sources */ = {
			isa = PBXSourcesBuildPhase;
			buildActionMask = 2147483647;
			files = (
				C8F9BF151BD9C95B00B8706C /* ViewController.m in Sources */,
				C8F9BF121BD9C95B00B8706C /* AppDelegate.m in Sources */,
				C8F9BF0F1BD9C95B00B8706C /* main.m in Sources */,
			);
			runOnlyForDeploymentPostprocessing = 0;
		};
		C8F9BF1F1BD9C95B00B8706C /* Sources */ = {
			isa = PBXSourcesBuildPhase;
			buildActionMask = 2147483647;
			files = (
				C8F9BF281BD9C95B00B8706C /* ___Tests.m in Sources */,
			);
			runOnlyForDeploymentPostprocessing = 0;
		};
		C8F9BF2A1BD9C95B00B8706C /* Sources */ = {
			isa = PBXSourcesBuildPhase;
			buildActionMask = 2147483647;
			files = (
				C8F9BF331BD9C95B00B8706C /* ___UITests.m in Sources */,
			);
			runOnlyForDeploymentPostprocessing = 0;
		};
/* End PBXSourcesBuildPhase section */

/* Begin PBXTargetDependency section */
		C8F9BF251BD9C95B00B8706C /* PBXTargetDependency */ = {
			isa = PBXTargetDependency;
			target = C8F9BF091BD9C95B00B8706C /* 加速计 */;
			targetProxy = C8F9BF241BD9C95B00B8706C /* PBXContainerItemProxy */;
		};
		C8F9BF301BD9C95B00B8706C /* PBXTargetDependency */ = {
			isa = PBXTargetDependency;
			target = C8F9BF091BD9C95B00B8706C /* 加速计 */;
			targetProxy = C8F9BF2F1BD9C95B00B8706C /* PBXContainerItemProxy */;
		};
/* End PBXTargetDependency section */

/* Begin PBXVariantGroup section */
		C8F9BF161BD9C95B00B8706C /* Main.storyboard */ = {
			isa = PBXVariantGroup;
			children = (
				C8F9BF171BD9C95B00B8706C /* Base */,
			);
			name = Main.storyboard;
			sourceTree = "<group>";
		};
		C8F9BF1B1BD9C95B00B8706C /* LaunchScreen.storyboard */ = {
			isa = PBXVariantGroup;
			children = (
				C8F9BF1C1BD9C95B00B8706C /* Base */,
			);
			name = LaunchScreen.storyboard;
			sourceTree = "<group>";
		};
/* End PBXVariantGroup section */

/* Begin XCBuildConfiguration section */
		C8F9BF351BD9C95B00B8706C /* Debug */ = {
			isa = XCBuildConfiguration;
			buildSettings = {
				ALWAYS_SEARCH_USER_PATHS = NO;
				CLANG_CXX_LANGUAGE_STANDARD = "gnu++0x";
				CLANG_CXX_LIBRARY = "libc++";
				CLANG_ENABLE_MODULES = YES;
				CLANG_ENABLE_OBJC_ARC = YES;
				CLANG_WARN_BOOL_CONVERSION = YES;
				CLANG_WARN_CONSTANT_CONVERSION = YES;
				CLANG_WARN_DIRECT_OBJC_ISA_USAGE = YES_ERROR;
				CLANG_WARN_EMPTY_BODY = YES;
				CLANG_WARN_ENUM_CONVERSION = YES;
				CLANG_WARN_INT_CONVERSION = YES;
				CLANG_WARN_OBJC_ROOT_CLASS = YES_ERROR;
				CLANG_WARN_UNREACHABLE_CODE = YES;
				CLANG_WARN__DUPLICATE_METHOD_MATCH = YES;
				"CODE_SIGN_IDENTITY[sdk=iphoneos*]" = "iPhone Developer";
				COPY_PHASE_STRIP = NO;
				DEBUG_INFORMATION_FORMAT = dwarf;
				ENABLE_STRICT_OBJC_MSGSEND = YES;
				ENABLE_TESTABILITY = YES;
				GCC_C_LANGUAGE_STANDARD = gnu99;
				GCC_DYNAMIC_NO_PIC = NO;
				GCC_NO_COMMON_BLOCKS = YES;
				GCC_OPTIMIZATION_LEVEL = 0;
				GCC_PREPROCESSOR_DEFINITIONS = (
					"DEBUG=1",
					"$(inherited)",
				);
				GCC_WARN_64_TO_32_BIT_CONVERSION = YES;
				GCC_WARN_ABOUT_RETURN_TYPE = YES_ERROR;
				GCC_WARN_UNDECLARED_SELECTOR = YES;
				GCC_WARN_UNINITIALIZED_AUTOS = YES_AGGRESSIVE;
				GCC_WARN_UNUSED_FUNCTION = YES;
				GCC_WARN_UNUSED_VARIABLE = YES;
				IPHONEOS_DEPLOYMENT_TARGET = 9.0;
				MTL_ENABLE_DEBUG_INFO = YES;
				ONLY_ACTIVE_ARCH = YES;
				SDKROOT = iphoneos;
			};
			name = Debug;
		};
		C8F9BF361BD9C95B00B8706C /* Release */ = {
			isa = XCBuildConfiguration;
			buildSettings = {
				ALWAYS_SEARCH_USER_PATHS = NO;
				CLANG_CXX_LANGUAGE_STANDARD = "gnu++0x";
				CLANG_CXX_LIBRARY = "libc++";
				CLANG_ENABLE_MODULES = YES;
				CLANG_ENABLE_OBJC_ARC = YES;
				CLANG_WARN_BOOL_CONVERSION = YES;
				CLANG_WARN_CONSTANT_CONVERSION = YES;
				CLANG_WARN_DIRECT_OBJC_ISA_USAGE = YES_ERROR;
				CLANG_WARN_EMPTY_BODY = YES;
				CLANG_WARN_ENUM_CONVERSION = YES;
				CLANG_WARN_INT_CONVERSION = YES;
				CLANG_WARN_OBJC_ROOT_CLASS = YES_ERROR;
				CLANG_WARN_UNREACHABLE_CODE = YES;
				CLANG_WARN__DUPLICATE_METHOD_MATCH = YES;
				"CODE_SIGN_IDENTITY[sdk=iphoneos*]" = "iPhone Developer";
				COPY_PHASE_STRIP = NO;
				DEBUG_INFORMATION_FORMAT = "dwarf-with-dsym";
				ENABLE_NS_ASSERTIONS = NO;
				ENABLE_STRICT_OBJC_MSGSEND = YES;
				GCC_C_LANGUAGE_STANDARD = gnu99;
				GCC_NO_COMMON_BLOCKS = YES;
				GCC_WARN_64_TO_32_BIT_CONVERSION = YES;
				GCC_WARN_ABOUT_RETURN_TYPE = YES_ERROR;
				GCC_WARN_UNDECLARED_SELECTOR = YES;
				GCC_WARN_UNINITIALIZED_AUTOS = YES_AGGRESSIVE;
				GCC_WARN_UNUSED_FUNCTION = YES;
				GCC_WARN_UNUSED_VARIABLE = YES;
				IPHONEOS_DEPLOYMENT_TARGET = 9.0;
				MTL_ENABLE_DEBUG_INFO = NO;
				SDKROOT = iphoneos;
				VALIDATE_PRODUCT = YES;
			};
			name = Release;
		};
		C8F9BF381BD9C95B00B8706C /* Debug */ = {
			isa = XCBuildConfiguration;
			buildSettings = {
				ASSETCATALOG_COMPILER_APPICON_NAME = AppIcon;
				INFOPLIST_FILE = "加速计/Info.plist";
				LD_RUNPATH_SEARCH_PATHS = "$(inherited) @executable_path/Frameworks";
				PRODUCT_BUNDLE_IDENTIFIER = "con.x.---";
				PRODUCT_NAME = "$(TARGET_NAME)";
			};
			name = Debug;
		};
		C8F9BF391BD9C95B00B8706C /* Release */ = {
			isa = XCBuildConfiguration;
			buildSettings = {
				ASSETCATALOG_COMPILER_APPICON_NAME = AppIcon;
				INFOPLIST_FILE = "加速计/Info.plist";
				LD_RUNPATH_SEARCH_PATHS = "$(inherited) @executable_path/Frameworks";
				PRODUCT_BUNDLE_IDENTIFIER = "con.x.---";
				PRODUCT_NAME = "$(TARGET_NAME)";
			};
			name = Release;
		};
		C8F9BF3B1BD9C95B00B8706C /* Debug */ = {
			isa = XCBuildConfiguration;
			buildSettings = {
				BUNDLE_LOADER = "$(TEST_HOST)";
				INFOPLIST_FILE = "加速计Tests/Info.plist";
				LD_RUNPATH_SEARCH_PATHS = "$(inherited) @executable_path/Frameworks @loader_path/Frameworks";
				PRODUCT_BUNDLE_IDENTIFIER = "con.x.---Tests";
				PRODUCT_NAME = "$(TARGET_NAME)";
				TEST_HOST = "$(BUILT_PRODUCTS_DIR)/加速计.app/加速计";
			};
			name = Debug;
		};
		C8F9BF3C1BD9C95B00B8706C /* Release */ = {
			isa = XCBuildConfiguration;
			buildSettings = {
				BUNDLE_LOADER = "$(TEST_HOST)";
				INFOPLIST_FILE = "加速计Tests/Info.plist";
				LD_RUNPATH_SEARCH_PATHS = "$(inherited) @executable_path/Frameworks @loader_path/Frameworks";
				PRODUCT_BUNDLE_IDENTIFIER = "con.x.---Tests";
				PRODUCT_NAME = "$(TARGET_NAME)";
				TEST_HOST = "$(BUILT_PRODUCTS_DIR)/加速计.app/加速计";
			};
			name = Release;
		};
		C8F9BF3E1BD9C95B00B8706C /* Debug */ = {
			isa = XCBuildConfiguration;
			buildSettings = {
				INFOPLIST_FILE = "加速计UITests/Info.plist";
				LD_RUNPATH_SEARCH_PATHS = "$(inherited) @executable_path/Frameworks @loader_path/Frameworks";
				PRODUCT_BUNDLE_IDENTIFIER = "con.x.---UITests";
				PRODUCT_NAME = "$(TARGET_NAME)";
				TEST_TARGET_NAME = "加速计";
				USES_XCTRUNNER = YES;
			};
			name = Debug;
		};
		C8F9BF3F1BD9C95B00B8706C /* Release */ = {
			isa = XCBuildConfiguration;
			buildSettings = {
				INFOPLIST_FILE = "加速计UITests/Info.plist";
				LD_RUNPATH_SEARCH_PATHS = "$(inherited) @executable_path/Frameworks @loader_path/Frameworks";
				PRODUCT_BUNDLE_IDENTIFIER = "con.x.---UITests";
				PRODUCT_NAME = "$(TARGET_NAME)";
				TEST_TARGET_NAME = "加速计";
				USES_XCTRUNNER = YES;
			};
			name = Release;
		};
/* End XCBuildConfiguration section */

/* Begin XCConfigurationList section */
		C8F9BF051BD9C95B00B8706C /* Build configuration list for PBXProject "加速计" */ = {
			isa = XCConfigurationList;
			buildConfigurations = (
				C8F9BF351BD9C95B00B8706C /* Debug */,
				C8F9BF361BD9C95B00B8706C /* Release */,
			);
			defaultConfigurationIsVisible = 0;
			defaultConfigurationName = Release;
		};
		C8F9BF371BD9C95B00B8706C /* Build configuration list for PBXNativeTarget "加速计" */ = {
			isa = XCConfigurationList;
			buildConfigurations = (
				C8F9BF381BD9C95B00B8706C /* Debug */,
				C8F9BF391BD9C95B00B8706C /* Release */,
			);
			defaultConfigurationIsVisible = 0;
		};
		C8F9BF3A1BD9C95B00B8706C /* Build configuration list for PBXNativeTarget "加速计Tests" */ = {
			isa = XCConfigurationList;
			buildConfigurations = (
				C8F9BF3B1BD9C95B00B8706C /* Debug */,
				C8F9BF3C1BD9C95B00B8706C /* Release */,
			);
			defaultConfigurationIsVisible = 0;
		};
		C8F9BF3D1BD9C95B00B8706C /* Build configuration list for PBXNativeTarget "加速计UITests" */ = {
			isa = XCConfigurationList;
			buildConfigurations = (
				C8F9BF3E1BD9C95B00B8706C /* Debug */,
				C8F9BF3F1BD9C95B00B8706C /* Release */,
			);
			defaultConfigurationIsVisible = 0;
		};
/* End XCConfigurationList section */
	};
	rootObject = C8F9BF021BD9C95B00B8706C /* Project object */;
}
